
Microsoft Visual Studio Solution File, Format Version 12.00
# Visual Studio Version 16
VisualStudioVersion = 16.0.33529.622
MinimumVisualStudioVersion = 10.0.40219.1
Project("{FAE04EC0-301F-11D3-BF4B-00C04F79EFBC}") = "Fire_Depertment_1122", "Fire_Depertment_1122\Fire_Depertment_1122.csproj", "{51E18697-B9D8-4869-8C54-DA126E1C6C98}"
EndProject
Global
	GlobalSection(SolutionConfigurationPlatforms) = preSolution
		Debug|Any CPU = Debug|Any CPU
		Release|Any CPU = Release|Any CPU
	EndGlobalSection
	GlobalSection(ProjectConfigurationPlatforms) = postSolution
		{51E18697-B9D8-4869-8C54-DA126E1C6C98}.Debug|Any CPU.ActiveCfg = Debug|Any CPU
		{51E18697-B9D8-4869-8C54-DA126E1C6C98}.Debug|Any CPU.Build.0 = Debug|Any CPU
		{51E18697-B9D8-4869-8C54-DA126E1C6C98}.Release|Any CPU.ActiveCfg = Release|Any CPU
		{51E18697-B9D8-4869-8C54-DA126E1C6C98}.Release|Any CPU.Build.0 = Release|Any CPU
	EndGlobalSection
	GlobalSection(SolutionProperties) = preSolution
		HideSolutionNode = FALSE
	EndGlobalSection
	GlobalSection(ExtensibilityGlobals) = postSolution
		SolutionGuid = {668B8937-236F-44AA-94B9-A561EC59BA26}
	EndGlobalSection
EndGlobal
